{
  "requires": true,
  "lockfileVersion": 1,
  "dependencies": {
    "daisyui": {
      "version": "1.14.2",
      "resolved": "https://registry.npmjs.org/daisyui/-/daisyui-1.14.2.tgz",
      "integrity": "sha512-ER4k58JMUYF4EUDg3GgpaWPdvq6FYnMfetV2JXOEWAPNQVWs4jHtdhehFUdg7M1Lae9GGobb0roW3LuEmD/PuA=="
    }
  }
}
